# This file was autogenerated by Stack.
# You should not edit this file by hand.
# For more information, please see the documentation at:
#   https://docs.haskellstack.org/en/stable/lock_files

packages:
- completed:
    hackage: converge-0.1.0.1@sha256:47e5534a30ab798062012c003df12efcb9b3fbc63ac4f80525dcfc70737f1dc0,1203
    pantry-tree:
      sha256: ab6d6806d42f704168db1e9a52893daff67fd2d5b98f915a17e69d158492ccf6
      size: 176
  original:
    hackage: converge-0.1.0.1
- completed:
    commit: 9e447c32d654da89074b234796b0f30cb64c09d8
    git: https://github.com/rockbmb/gamma2
    name: gamma
    pantry-tree:
      sha256: 67696c99bfd107ab0abddd78ede865163ce60c3272f964bc6039ae97efd637d8
      size: 1027
    version: 0.10.0.0
  original:
    commit: 9e447c32d654da89074b234796b0f30cb64c09d8
    git: https://github.com/rockbmb/gamma2
- completed:
    commit: 2e2d31b89df313d328a7bc00446a4a50a7e4e8ce
    git: https://github.com/rockbmb/continued-fractions
    name: continued-fractions
    pantry-tree:
      sha256: 2e9e6f42fa3b63fa08fd977357e78764d1c54ee7914086d97c911c4e3341c2e7
      size: 501
    version: 0.10.0.2
  original:
    commit: 2e2d31b89df313d328a7bc00446a4a50a7e4e8ce
    git: https://github.com/rockbmb/continued-fractions
- completed:
    commit: a511cbaa9e1cc3856d5cab6977953a209f1762db
    git: https://github.com/UlfNorell/curves
    name: curves
    pantry-tree:
      sha256: 27e66f403e2a869cc632945cf30ad93704c6296a87c333867d62e3fe605b8447
      size: 4316
    version: 1.1.0.2
  original:
    commit: a511cbaa9e1cc3856d5cab6977953a209f1762db
    git: https://github.com/UlfNorell/curves
snapshots:
- completed:
    sha256: dcf4fc28f12d805480ddbe8eb8c370e11db12f0461d0110a4240af27ac88d725
    size: 650255
    url: https://raw.githubusercontent.com/commercialhaskell/stackage-snapshots/master/lts/20/22.yaml
  original: lts-20.22
